
Microsoft Visual Studio Solution File, Format Version 12.00
# Visual Studio Version 17
VisualStudioVersion = 17.8.34309.116
MinimumVisualStudioVersion = 10.0.40219.1
Project("{FAE04EC0-301F-11D3-BF4B-00C04F79EFBC}") = "GoApptechBackend", "GoApptechBackend\GoApptechBackend.csproj", "{6A9EAD1D-6C42-493A-8206-D1BD6F86C047}"
EndProject
Global
	GlobalSection(SolutionConfigurationPlatforms) = preSolution
		Debug|Any CPU = Debug|Any CPU
		Release|Any CPU = Release|Any CPU
	EndGlobalSection
	GlobalSection(ProjectConfigurationPlatforms) = postSolution
		{6A9EAD1D-6C42-493A-8206-D1BD6F86C047}.Debug|Any CPU.ActiveCfg = Debug|Any CPU
		{6A9EAD1D-6C42-493A-8206-D1BD6F86C047}.Debug|Any CPU.Build.0 = Debug|Any CPU
		{6A9EAD1D-6C42-493A-8206-D1BD6F86C047}.Release|Any CPU.ActiveCfg = Release|Any CPU
		{6A9EAD1D-6C42-493A-8206-D1BD6F86C047}.Release|Any CPU.Build.0 = Release|Any CPU
	EndGlobalSection
	GlobalSection(SolutionProperties) = preSolution
		HideSolutionNode = FALSE
	EndGlobalSection
	GlobalSection(ExtensibilityGlobals) = postSolution
		SolutionGuid = {A8500B9B-B414-4027-878B-49DD56D194F7}
	EndGlobalSection
EndGlobal
